
Microsoft Visual Studio Solution File, Format Version 12.00
Project("{FAE04EC0-301F-11D3-BF4B-00C04F79EFBC}") = "CHIP-8_Emulator", "CHIP-8_Emulator.csproj", "{7A233013-87C9-4291-9EAE-4E17BD0BBED0}"
EndProject
Global
	GlobalSection(SolutionConfigurationPlatforms) = preSolution
		Debug|Any CPU = Debug|Any CPU
		Release|Any CPU = Release|Any CPU
	EndGlobalSection
	GlobalSection(ProjectConfigurationPlatforms) = postSolution
		{7A233013-87C9-4291-9EAE-4E17BD0BBED0}.Debug|Any CPU.ActiveCfg = Debug|Any CPU
		{7A233013-87C9-4291-9EAE-4E17BD0BBED0}.Debug|Any CPU.Build.0 = Debug|Any CPU
		{7A233013-87C9-4291-9EAE-4E17BD0BBED0}.Release|Any CPU.ActiveCfg = Release|Any CPU
		{7A233013-87C9-4291-9EAE-4E17BD0BBED0}.Release|Any CPU.Build.0 = Release|Any CPU
	EndGlobalSection
EndGlobal
